
Microsoft Visual Studio Solution File, Format Version 12.00
# Visual Studio Version 17
VisualStudioVersion = 17.9.34723.18
MinimumVisualStudioVersion = 10.0.40219.1
Project("{FAE04EC0-301F-11D3-BF4B-00C04F79EFBC}") = "ParameterArrayInC#", "ParameterArrayInC#.csproj", "{B77589DC-5AFD-497E-B1FE-0A03D7F8ABD0}"
EndProject
Global
	GlobalSection(SolutionConfigurationPlatforms) = preSolution
		Debug|Any CPU = Debug|Any CPU
		Release|Any CPU = Release|Any CPU
	EndGlobalSection
	GlobalSection(ProjectConfigurationPlatforms) = postSolution
		{B77589DC-5AFD-497E-B1FE-0A03D7F8ABD0}.Debug|Any CPU.ActiveCfg = Debug|Any CPU
		{B77589DC-5AFD-497E-B1FE-0A03D7F8ABD0}.Debug|Any CPU.Build.0 = Debug|Any CPU
		{B77589DC-5AFD-497E-B1FE-0A03D7F8ABD0}.Release|Any CPU.ActiveCfg = Release|Any CPU
		{B77589DC-5AFD-497E-B1FE-0A03D7F8ABD0}.Release|Any CPU.Build.0 = Release|Any CPU
	EndGlobalSection
	GlobalSection(SolutionProperties) = preSolution
		HideSolutionNode = FALSE
	EndGlobalSection
	GlobalSection(ExtensibilityGlobals) = postSolution
		SolutionGuid = {4142F64C-7EF5-4E37-93D7-E0B38C791A18}
	EndGlobalSection
EndGlobal
