
Microsoft Visual Studio Solution File, Format Version 12.00
# Visual Studio Version 16
VisualStudioVersion = 25.0.1704.0
MinimumVisualStudioVersion = 10.0.40219.1
Project("{FAE04EC0-301F-11D3-BF4B-00C04F79EFBC}") = "GradeApp", "GradeApp.csproj", "{B6B230E9-E2E3-4D55-8F77-152AED99B926}"
EndProject
Global
	GlobalSection(SolutionConfigurationPlatforms) = preSolution
		Debug|Any CPU = Debug|Any CPU
		Release|Any CPU = Release|Any CPU
	EndGlobalSection
	GlobalSection(ProjectConfigurationPlatforms) = postSolution
		{B6B230E9-E2E3-4D55-8F77-152AED99B926}.Debug|Any CPU.ActiveCfg = Debug|Any CPU
		{B6B230E9-E2E3-4D55-8F77-152AED99B926}.Debug|Any CPU.Build.0 = Debug|Any CPU
		{B6B230E9-E2E3-4D55-8F77-152AED99B926}.Release|Any CPU.ActiveCfg = Release|Any CPU
		{B6B230E9-E2E3-4D55-8F77-152AED99B926}.Release|Any CPU.Build.0 = Release|Any CPU
	EndGlobalSection
	GlobalSection(SolutionProperties) = preSolution
		HideSolutionNode = FALSE
	EndGlobalSection
	GlobalSection(ExtensibilityGlobals) = postSolution
		SolutionGuid = {C2B717D5-ECEB-439E-9C59-8EA00D7C1368}
	EndGlobalSection
EndGlobal
