
Microsoft Visual Studio Solution File, Format Version 12.00
# Visual Studio Version 17
VisualStudioVersion = 17.9.34723.18
MinimumVisualStudioVersion = 10.0.40219.1
Project("{FAE04EC0-301F-11D3-BF4B-00C04F79EFBC}") = "StaticFieldsAndMethods", "StaticFieldsAndMethods.csproj", "{434A7C29-FCB3-497B-9AA8-185D34E67692}"
EndProject
Global
	GlobalSection(SolutionConfigurationPlatforms) = preSolution
		Debug|Any CPU = Debug|Any CPU
		Release|Any CPU = Release|Any CPU
	EndGlobalSection
	GlobalSection(ProjectConfigurationPlatforms) = postSolution
		{434A7C29-FCB3-497B-9AA8-185D34E67692}.Debug|Any CPU.ActiveCfg = Debug|Any CPU
		{434A7C29-FCB3-497B-9AA8-185D34E67692}.Debug|Any CPU.Build.0 = Debug|Any CPU
		{434A7C29-FCB3-497B-9AA8-185D34E67692}.Release|Any CPU.ActiveCfg = Release|Any CPU
		{434A7C29-FCB3-497B-9AA8-185D34E67692}.Release|Any CPU.Build.0 = Release|Any CPU
	EndGlobalSection
	GlobalSection(SolutionProperties) = preSolution
		HideSolutionNode = FALSE
	EndGlobalSection
	GlobalSection(ExtensibilityGlobals) = postSolution
		SolutionGuid = {95DDB244-DC0E-4440-AF41-6992D71FE516}
	EndGlobalSection
EndGlobal
