
Microsoft Visual Studio Solution File, Format Version 12.00
# Visual Studio Version 17
VisualStudioVersion = 17.9.34723.18
MinimumVisualStudioVersion = 10.0.40219.1
Project("{FAE04EC0-301F-11D3-BF4B-00C04F79EFBC}") = "ReadAndWritelineConsoleApp", "ReadAndWritelineConsoleApp.csproj", "{C57D0F1B-8785-47FF-800E-68936058639C}"
EndProject
Global
	GlobalSection(SolutionConfigurationPlatforms) = preSolution
		Debug|Any CPU = Debug|Any CPU
		Release|Any CPU = Release|Any CPU
	EndGlobalSection
	GlobalSection(ProjectConfigurationPlatforms) = postSolution
		{C57D0F1B-8785-47FF-800E-68936058639C}.Debug|Any CPU.ActiveCfg = Debug|Any CPU
		{C57D0F1B-8785-47FF-800E-68936058639C}.Debug|Any CPU.Build.0 = Debug|Any CPU
		{C57D0F1B-8785-47FF-800E-68936058639C}.Release|Any CPU.ActiveCfg = Release|Any CPU
		{C57D0F1B-8785-47FF-800E-68936058639C}.Release|Any CPU.Build.0 = Release|Any CPU
	EndGlobalSection
	GlobalSection(SolutionProperties) = preSolution
		HideSolutionNode = FALSE
	EndGlobalSection
	GlobalSection(ExtensibilityGlobals) = postSolution
		SolutionGuid = {A87C9157-9FB1-4F56-B9C4-25167A452A03}
	EndGlobalSection
EndGlobal
