
Microsoft Visual Studio Solution File, Format Version 12.00
# Visual Studio Version 16
VisualStudioVersion = 25.0.1704.0
MinimumVisualStudioVersion = 10.0.40219.1
Project("{FAE04EC0-301F-11D3-BF4B-00C04F79EFBC}") = "CallByValueAndRef", "CallByValueAndRef.csproj", "{D44545BE-7EF8-405E-9D1B-84CFEA51667E}"
EndProject
Global
	GlobalSection(SolutionConfigurationPlatforms) = preSolution
		Debug|Any CPU = Debug|Any CPU
		Release|Any CPU = Release|Any CPU
	EndGlobalSection
	GlobalSection(ProjectConfigurationPlatforms) = postSolution
		{D44545BE-7EF8-405E-9D1B-84CFEA51667E}.Debug|Any CPU.ActiveCfg = Debug|Any CPU
		{D44545BE-7EF8-405E-9D1B-84CFEA51667E}.Debug|Any CPU.Build.0 = Debug|Any CPU
		{D44545BE-7EF8-405E-9D1B-84CFEA51667E}.Release|Any CPU.ActiveCfg = Release|Any CPU
		{D44545BE-7EF8-405E-9D1B-84CFEA51667E}.Release|Any CPU.Build.0 = Release|Any CPU
	EndGlobalSection
	GlobalSection(SolutionProperties) = preSolution
		HideSolutionNode = FALSE
	EndGlobalSection
	GlobalSection(ExtensibilityGlobals) = postSolution
		SolutionGuid = {B4CA39C3-F93F-4E0C-84A4-973B3D7F1891}
	EndGlobalSection
EndGlobal
