
Microsoft Visual Studio Solution File, Format Version 12.00
# Visual Studio Version 17
VisualStudioVersion = 17.9.34723.18
MinimumVisualStudioVersion = 10.0.40219.1
Project("{FAE04EC0-301F-11D3-BF4B-00C04F79EFBC}") = "WhyProperties", "WhyProperties.csproj", "{A6F101F5-F6B3-4898-9B85-80AB1EC75061}"
EndProject
Global
	GlobalSection(SolutionConfigurationPlatforms) = preSolution
		Debug|Any CPU = Debug|Any CPU
		Release|Any CPU = Release|Any CPU
	EndGlobalSection
	GlobalSection(ProjectConfigurationPlatforms) = postSolution
		{A6F101F5-F6B3-4898-9B85-80AB1EC75061}.Debug|Any CPU.ActiveCfg = Debug|Any CPU
		{A6F101F5-F6B3-4898-9B85-80AB1EC75061}.Debug|Any CPU.Build.0 = Debug|Any CPU
		{A6F101F5-F6B3-4898-9B85-80AB1EC75061}.Release|Any CPU.ActiveCfg = Release|Any CPU
		{A6F101F5-F6B3-4898-9B85-80AB1EC75061}.Release|Any CPU.Build.0 = Release|Any CPU
	EndGlobalSection
	GlobalSection(SolutionProperties) = preSolution
		HideSolutionNode = FALSE
	EndGlobalSection
	GlobalSection(ExtensibilityGlobals) = postSolution
		SolutionGuid = {85EF7549-7B0E-4914-BCEF-D3B440127CCB}
	EndGlobalSection
EndGlobal
