
Microsoft Visual Studio Solution File, Format Version 12.00
# Visual Studio Version 17
VisualStudioVersion = 17.9.34723.18
MinimumVisualStudioVersion = 10.0.40219.1
Project("{FAE04EC0-301F-11D3-BF4B-00C04F79EFBC}") = "GetterAndSettersAndAutoImplementedProperties", "GetterAndSettersAndAutoImplementedProperties.csproj", "{F488BD52-5E02-4276-89F4-84B17E2F51AB}"
EndProject
Global
	GlobalSection(SolutionConfigurationPlatforms) = preSolution
		Debug|Any CPU = Debug|Any CPU
		Release|Any CPU = Release|Any CPU
	EndGlobalSection
	GlobalSection(ProjectConfigurationPlatforms) = postSolution
		{F488BD52-5E02-4276-89F4-84B17E2F51AB}.Debug|Any CPU.ActiveCfg = Debug|Any CPU
		{F488BD52-5E02-4276-89F4-84B17E2F51AB}.Debug|Any CPU.Build.0 = Debug|Any CPU
		{F488BD52-5E02-4276-89F4-84B17E2F51AB}.Release|Any CPU.ActiveCfg = Release|Any CPU
		{F488BD52-5E02-4276-89F4-84B17E2F51AB}.Release|Any CPU.Build.0 = Release|Any CPU
	EndGlobalSection
	GlobalSection(SolutionProperties) = preSolution
		HideSolutionNode = FALSE
	EndGlobalSection
	GlobalSection(ExtensibilityGlobals) = postSolution
		SolutionGuid = {72C15218-98D1-4837-81E7-732FFF15D19B}
	EndGlobalSection
EndGlobal
