
Microsoft Visual Studio Solution File, Format Version 12.00
# Visual Studio Version 16
VisualStudioVersion = 25.0.1704.0
MinimumVisualStudioVersion = 10.0.40219.1
Project("{FAE04EC0-301F-11D3-BF4B-00C04F79EFBC}") = "FunctionOverloading", "FunctionOverloading.csproj", "{042F6515-13B1-4D25-8704-8E48B78D25C8}"
EndProject
Global
	GlobalSection(SolutionConfigurationPlatforms) = preSolution
		Debug|Any CPU = Debug|Any CPU
		Release|Any CPU = Release|Any CPU
	EndGlobalSection
	GlobalSection(ProjectConfigurationPlatforms) = postSolution
		{042F6515-13B1-4D25-8704-8E48B78D25C8}.Debug|Any CPU.ActiveCfg = Debug|Any CPU
		{042F6515-13B1-4D25-8704-8E48B78D25C8}.Debug|Any CPU.Build.0 = Debug|Any CPU
		{042F6515-13B1-4D25-8704-8E48B78D25C8}.Release|Any CPU.ActiveCfg = Release|Any CPU
		{042F6515-13B1-4D25-8704-8E48B78D25C8}.Release|Any CPU.Build.0 = Release|Any CPU
	EndGlobalSection
	GlobalSection(SolutionProperties) = preSolution
		HideSolutionNode = FALSE
	EndGlobalSection
	GlobalSection(ExtensibilityGlobals) = postSolution
		SolutionGuid = {10F9ED03-4C68-4260-A6FA-A1E3F0F9A6E8}
	EndGlobalSection
EndGlobal
