
Microsoft Visual Studio Solution File, Format Version 12.00
# Visual Studio Version 17
VisualStudioVersion = 17.9.34723.18
MinimumVisualStudioVersion = 10.0.40219.1
Project("{FAE04EC0-301F-11D3-BF4B-00C04F79EFBC}") = "UsingNamespaces", "UsingNamespaces.csproj", "{F903070A-AE3E-486A-A44F-80D32ECFE811}"
EndProject
Global
	GlobalSection(SolutionConfigurationPlatforms) = preSolution
		Debug|Any CPU = Debug|Any CPU
		Release|Any CPU = Release|Any CPU
	EndGlobalSection
	GlobalSection(ProjectConfigurationPlatforms) = postSolution
		{F903070A-AE3E-486A-A44F-80D32ECFE811}.Debug|Any CPU.ActiveCfg = Debug|Any CPU
		{F903070A-AE3E-486A-A44F-80D32ECFE811}.Debug|Any CPU.Build.0 = Debug|Any CPU
		{F903070A-AE3E-486A-A44F-80D32ECFE811}.Release|Any CPU.ActiveCfg = Release|Any CPU
		{F903070A-AE3E-486A-A44F-80D32ECFE811}.Release|Any CPU.Build.0 = Release|Any CPU
	EndGlobalSection
	GlobalSection(SolutionProperties) = preSolution
		HideSolutionNode = FALSE
	EndGlobalSection
	GlobalSection(ExtensibilityGlobals) = postSolution
		SolutionGuid = {6E5AA075-2BF3-4BAA-8BB1-367B94C65B64}
	EndGlobalSection
EndGlobal
