
Microsoft Visual Studio Solution File, Format Version 12.00
# Visual Studio Version 17
VisualStudioVersion = 17.9.34723.18
MinimumVisualStudioVersion = 10.0.40219.1
Project("{FAE04EC0-301F-11D3-BF4B-00C04F79EFBC}") = "VerbatinLiteral", "VerbatinLiteral.csproj", "{B0971C5A-5E6F-4F80-941D-3937D678E6CC}"
EndProject
Global
	GlobalSection(SolutionConfigurationPlatforms) = preSolution
		Debug|Any CPU = Debug|Any CPU
		Release|Any CPU = Release|Any CPU
	EndGlobalSection
	GlobalSection(ProjectConfigurationPlatforms) = postSolution
		{B0971C5A-5E6F-4F80-941D-3937D678E6CC}.Debug|Any CPU.ActiveCfg = Debug|Any CPU
		{B0971C5A-5E6F-4F80-941D-3937D678E6CC}.Debug|Any CPU.Build.0 = Debug|Any CPU
		{B0971C5A-5E6F-4F80-941D-3937D678E6CC}.Release|Any CPU.ActiveCfg = Release|Any CPU
		{B0971C5A-5E6F-4F80-941D-3937D678E6CC}.Release|Any CPU.Build.0 = Release|Any CPU
	EndGlobalSection
	GlobalSection(SolutionProperties) = preSolution
		HideSolutionNode = FALSE
	EndGlobalSection
	GlobalSection(ExtensibilityGlobals) = postSolution
		SolutionGuid = {C306F353-99B6-4498-8F14-83A30764F593}
	EndGlobalSection
EndGlobal
