
Microsoft Visual Studio Solution File, Format Version 12.00
# Visual Studio Version 16
VisualStudioVersion = 25.0.1704.0
MinimumVisualStudioVersion = 10.0.40219.1
Project("{FAE04EC0-301F-11D3-BF4B-00C04F79EFBC}") = "GetterSetterInSharp", "GetterSetterInSharp.csproj", "{E998BBB6-3DFD-4A5B-974B-C98E13D60578}"
EndProject
Global
	GlobalSection(SolutionConfigurationPlatforms) = preSolution
		Debug|Any CPU = Debug|Any CPU
		Release|Any CPU = Release|Any CPU
	EndGlobalSection
	GlobalSection(ProjectConfigurationPlatforms) = postSolution
		{E998BBB6-3DFD-4A5B-974B-C98E13D60578}.Debug|Any CPU.ActiveCfg = Debug|Any CPU
		{E998BBB6-3DFD-4A5B-974B-C98E13D60578}.Debug|Any CPU.Build.0 = Debug|Any CPU
		{E998BBB6-3DFD-4A5B-974B-C98E13D60578}.Release|Any CPU.ActiveCfg = Release|Any CPU
		{E998BBB6-3DFD-4A5B-974B-C98E13D60578}.Release|Any CPU.Build.0 = Release|Any CPU
	EndGlobalSection
	GlobalSection(SolutionProperties) = preSolution
		HideSolutionNode = FALSE
	EndGlobalSection
	GlobalSection(ExtensibilityGlobals) = postSolution
		SolutionGuid = {4B87761D-6233-4779-97FD-F862904799EA}
	EndGlobalSection
EndGlobal
