
Microsoft Visual Studio Solution File, Format Version 12.00
# Visual Studio Version 16
VisualStudioVersion = 25.0.1704.0
MinimumVisualStudioVersion = 10.0.40219.1
Project("{FAE04EC0-301F-11D3-BF4B-00C04F79EFBC}") = "StaticClass1", "StaticClass1.csproj", "{704947C6-0262-4D09-8F57-F7FF55891726}"
EndProject
Global
	GlobalSection(SolutionConfigurationPlatforms) = preSolution
		Debug|Any CPU = Debug|Any CPU
		Release|Any CPU = Release|Any CPU
	EndGlobalSection
	GlobalSection(ProjectConfigurationPlatforms) = postSolution
		{704947C6-0262-4D09-8F57-F7FF55891726}.Debug|Any CPU.ActiveCfg = Debug|Any CPU
		{704947C6-0262-4D09-8F57-F7FF55891726}.Debug|Any CPU.Build.0 = Debug|Any CPU
		{704947C6-0262-4D09-8F57-F7FF55891726}.Release|Any CPU.ActiveCfg = Release|Any CPU
		{704947C6-0262-4D09-8F57-F7FF55891726}.Release|Any CPU.Build.0 = Release|Any CPU
	EndGlobalSection
	GlobalSection(SolutionProperties) = preSolution
		HideSolutionNode = FALSE
	EndGlobalSection
	GlobalSection(ExtensibilityGlobals) = postSolution
		SolutionGuid = {2594BD81-DE7F-4424-B67A-D7C65E068996}
	EndGlobalSection
EndGlobal
