
Microsoft Visual Studio Solution File, Format Version 12.00
# Visual Studio Version 16
VisualStudioVersion = 25.0.1704.0
MinimumVisualStudioVersion = 10.0.40219.1
Project("{FAE04EC0-301F-11D3-BF4B-00C04F79EFBC}") = "CreatingClass", "CreatingClass.csproj", "{7AAA3E98-9D9C-4953-B4BC-59B9319E6C1C}"
EndProject
Global
	GlobalSection(SolutionConfigurationPlatforms) = preSolution
		Debug|Any CPU = Debug|Any CPU
		Release|Any CPU = Release|Any CPU
	EndGlobalSection
	GlobalSection(ProjectConfigurationPlatforms) = postSolution
		{7AAA3E98-9D9C-4953-B4BC-59B9319E6C1C}.Debug|Any CPU.ActiveCfg = Debug|Any CPU
		{7AAA3E98-9D9C-4953-B4BC-59B9319E6C1C}.Debug|Any CPU.Build.0 = Debug|Any CPU
		{7AAA3E98-9D9C-4953-B4BC-59B9319E6C1C}.Release|Any CPU.ActiveCfg = Release|Any CPU
		{7AAA3E98-9D9C-4953-B4BC-59B9319E6C1C}.Release|Any CPU.Build.0 = Release|Any CPU
	EndGlobalSection
	GlobalSection(SolutionProperties) = preSolution
		HideSolutionNode = FALSE
	EndGlobalSection
	GlobalSection(ExtensibilityGlobals) = postSolution
		SolutionGuid = {C3237645-284B-4DD5-A47C-CD0DE3BF2E74}
	EndGlobalSection
EndGlobal
