
Microsoft Visual Studio Solution File, Format Version 12.00
# Visual Studio Version 17
VisualStudioVersion = 17.9.34723.18
MinimumVisualStudioVersion = 10.0.40219.1
Project("{FAE04EC0-301F-11D3-BF4B-00C04F79EFBC}") = "SwitchStatement", "SwitchStatement.csproj", "{2B0DF0D8-33F7-42A7-BDF4-575A2F4DA049}"
EndProject
Global
	GlobalSection(SolutionConfigurationPlatforms) = preSolution
		Debug|Any CPU = Debug|Any CPU
		Release|Any CPU = Release|Any CPU
	EndGlobalSection
	GlobalSection(ProjectConfigurationPlatforms) = postSolution
		{2B0DF0D8-33F7-42A7-BDF4-575A2F4DA049}.Debug|Any CPU.ActiveCfg = Debug|Any CPU
		{2B0DF0D8-33F7-42A7-BDF4-575A2F4DA049}.Debug|Any CPU.Build.0 = Debug|Any CPU
		{2B0DF0D8-33F7-42A7-BDF4-575A2F4DA049}.Release|Any CPU.ActiveCfg = Release|Any CPU
		{2B0DF0D8-33F7-42A7-BDF4-575A2F4DA049}.Release|Any CPU.Build.0 = Release|Any CPU
	EndGlobalSection
	GlobalSection(SolutionProperties) = preSolution
		HideSolutionNode = FALSE
	EndGlobalSection
	GlobalSection(ExtensibilityGlobals) = postSolution
		SolutionGuid = {F76C69E1-D7E8-4594-9858-B71969664DEF}
	EndGlobalSection
EndGlobal
