
Microsoft Visual Studio Solution File, Format Version 12.00
# Visual Studio Version 17
VisualStudioVersion = 17.9.34723.18
MinimumVisualStudioVersion = 10.0.40219.1
Project("{FAE04EC0-301F-11D3-BF4B-00C04F79EFBC}") = "IfElseStatements", "IfElseStatements.csproj", "{3297D4C9-887A-46B9-8B72-2384011F332D}"
EndProject
Global
	GlobalSection(SolutionConfigurationPlatforms) = preSolution
		Debug|Any CPU = Debug|Any CPU
		Release|Any CPU = Release|Any CPU
	EndGlobalSection
	GlobalSection(ProjectConfigurationPlatforms) = postSolution
		{3297D4C9-887A-46B9-8B72-2384011F332D}.Debug|Any CPU.ActiveCfg = Debug|Any CPU
		{3297D4C9-887A-46B9-8B72-2384011F332D}.Debug|Any CPU.Build.0 = Debug|Any CPU
		{3297D4C9-887A-46B9-8B72-2384011F332D}.Release|Any CPU.ActiveCfg = Release|Any CPU
		{3297D4C9-887A-46B9-8B72-2384011F332D}.Release|Any CPU.Build.0 = Release|Any CPU
	EndGlobalSection
	GlobalSection(SolutionProperties) = preSolution
		HideSolutionNode = FALSE
	EndGlobalSection
	GlobalSection(ExtensibilityGlobals) = postSolution
		SolutionGuid = {AFAFF4D5-5B42-4F07-94BD-5C8F27431F4F}
	EndGlobalSection
EndGlobal
