
Microsoft Visual Studio Solution File, Format Version 12.00
# Visual Studio Version 17
VisualStudioVersion = 17.9.34723.18
MinimumVisualStudioVersion = 10.0.40219.1
Project("{FAE04EC0-301F-11D3-BF4B-00C04F79EFBC}") = "MethodOverloading", "MethodOverloading.csproj", "{0E0A9408-945B-42D0-8D92-6C9C41908BB3}"
EndProject
Global
	GlobalSection(SolutionConfigurationPlatforms) = preSolution
		Debug|Any CPU = Debug|Any CPU
		Release|Any CPU = Release|Any CPU
	EndGlobalSection
	GlobalSection(ProjectConfigurationPlatforms) = postSolution
		{0E0A9408-945B-42D0-8D92-6C9C41908BB3}.Debug|Any CPU.ActiveCfg = Debug|Any CPU
		{0E0A9408-945B-42D0-8D92-6C9C41908BB3}.Debug|Any CPU.Build.0 = Debug|Any CPU
		{0E0A9408-945B-42D0-8D92-6C9C41908BB3}.Release|Any CPU.ActiveCfg = Release|Any CPU
		{0E0A9408-945B-42D0-8D92-6C9C41908BB3}.Release|Any CPU.Build.0 = Release|Any CPU
	EndGlobalSection
	GlobalSection(SolutionProperties) = preSolution
		HideSolutionNode = FALSE
	EndGlobalSection
	GlobalSection(ExtensibilityGlobals) = postSolution
		SolutionGuid = {491401EA-0092-4BEC-89BB-ADCCE46F29EB}
	EndGlobalSection
EndGlobal
